
Microsoft Visual Studio Solution File, Format Version 12.00
# Visual Studio Version 17
VisualStudioVersion = 17.6.33801.468
MinimumVisualStudioVersion = 10.0.40219.1
Project("{FAE04EC0-301F-11D3-BF4B-00C04F79EFBC}") = "Encapsulation", "Encapsulation\Encapsulation.csproj", "{97BE3FBA-0650-49DB-B732-6E69FAF63597}"
EndProject
Global
	GlobalSection(SolutionConfigurationPlatforms) = preSolution
		Debug|Any CPU = Debug|Any CPU
		Release|Any CPU = Release|Any CPU
	EndGlobalSection
	GlobalSection(ProjectConfigurationPlatforms) = postSolution
		{97BE3FBA-0650-49DB-B732-6E69FAF63597}.Debug|Any CPU.ActiveCfg = Debug|Any CPU
		{97BE3FBA-0650-49DB-B732-6E69FAF63597}.Debug|Any CPU.Build.0 = Debug|Any CPU
		{97BE3FBA-0650-49DB-B732-6E69FAF63597}.Release|Any CPU.ActiveCfg = Release|Any CPU
		{97BE3FBA-0650-49DB-B732-6E69FAF63597}.Release|Any CPU.Build.0 = Release|Any CPU
	EndGlobalSection
	GlobalSection(SolutionProperties) = preSolution
		HideSolutionNode = FALSE
	EndGlobalSection
	GlobalSection(ExtensibilityGlobals) = postSolution
		SolutionGuid = {7182C247-6D04-40B6-A857-EBA0C445147F}
	EndGlobalSection
EndGlobal
